PODS:
  - Realm (10.11.0):
    - Realm/Headers (= 10.11.0)
  - Realm/Headers (10.11.0)
  - RealmSwift (10.11.0):
    - Realm (= 10.11.0)
  - SDWebImage (5.12.1):
    - SDWebImage/Core (= 5.12.1)
  - SDWebImage/Core (5.12.1)

DEPENDENCIES:
  - RealmSwift (~> 10)
  - SDWebImage (~> 5.0)

SPEC REPOS:
  trunk:
    - Realm
    - RealmSwift
    - SDWebImage

SPEC CHECKSUMS:
  Realm: 39ff23f0f709cd4ed93eb47ee6593c2158945b38
  RealmSwift: 42713e09a8631070d6c12c3c5fb22b8edc1daa41
  SDWebImage: 4dc3e42d9ec0c1028b960a33ac6b637bb432207b

PODFILE CHECKSUM: 3990a8464d901fe03102c4c7b624808e53451c65

COCOAPODS: 1.11.2
